// !$*UTF8*$!
{
	archiveVersion = 1;
	classes = {
	};
	objectVersion = 55;
	objects = {

/* Begin PBXBuildFile section */
		7E0DC0BA28718E9800BB39AB /* QuizGameApp.swift in Sources */ = {isa = PBXBuildFile; fileRef = 7E0DC0B928718E9800BB39AB /* QuizGameApp.swift */; };
		7E0DC0BC28718E9800BB39AB /* ContentView.swift in Sources */ = {isa = PBXBuildFile; fileRef = 7E0DC0BB28718E9800BB39AB /* ContentView.swift */; };
		7E0DC0BE28718EA200BB39AB /* Assets.xcassets in Resources */ = {isa = PBXBuildFile; fileRef = 7E0DC0BD28718EA200BB39AB /* Assets.xcassets */; };
		7E0DC0C128718EA200BB39AB /* Preview Assets.xcassets in Resources */ = {isa = PBXBuildFile; fileRef = 7E0DC0C028718EA200BB39AB /* Preview Assets.xcassets */; };
		7E0DC0CB28718EA300BB39AB /* QuizGameTests.swift in Sources */ = {isa = PBXBuildFile; fileRef = 7E0DC0CA28718EA300BB39AB /* QuizGameTests.swift */; };
		7E0DC0D528718EA300BB39AB /* QuizGameUITests.swift in Sources */ = {isa = PBXBuildFile; fileRef = 7E0DC0D428718EA300BB39AB /* QuizGameUITests.swift */; };
		7E0DC0D728718EA300BB39AB /* QuizGameUITestsLaunchTests.swift in Sources */ = {isa = PBXBuildFile; fileRef = 7E0DC0D628718EA300BB39AB /* QuizGameUITestsLaunchTests.swift */; };
		7E0DC0E82871AB0C00BB39AB /* MainView.swift in Sources */ = {isa = PBXBuildFile; fileRef = 7E0DC0E72871AB0C00BB39AB /* MainView.swift */; };
		7E0DC0EC2871B36900BB39AB /* ViewComponents.swift in Sources */ = {isa = PBXBuildFile; fileRef = 7E0DC0EB2871B36900BB39AB /* ViewComponents.swift */; };
		7E0DC0EE2871B53100BB39AB /* QuestionView.swift in Sources */ = {isa = PBXBuildFile; fileRef = 7E0DC0ED2871B53100BB39AB /* QuestionView.swift */; };
		7E0DC0F22871BDF600BB39AB /* AnswerModel.swift in Sources */ = {isa = PBXBuildFile; fileRef = 7E0DC0F12871BDF500BB39AB /* AnswerModel.swift */; };
		7E0DC0F42871BF3400BB39AB /* AnswerRow.swift in Sources */ = {isa = PBXBuildFile; fileRef = 7E0DC0F32871BF3400BB39AB /* AnswerRow.swift */; };
		7E0DC0F62871F7C600BB39AB /* TriviaView.swift in Sources */ = {isa = PBXBuildFile; fileRef = 7E0DC0F52871F7C500BB39AB /* TriviaView.swift */; };
		7E0DC0F82872060100BB39AB /* data.json in Resources */ = {isa = PBXBuildFile; fileRef = 7E0DC0F72872060100BB39AB /* data.json */; };
/* End PBXBuildFile section */

/* Begin PBXContainerItemProxy section */
		7E0DC0C728718EA300BB39AB /* PBXContainerItemProxy */ = {
			isa = PBXContainerItemProxy;
			containerPortal = 7E0DC0AE28718E9800BB39AB /* Project object */;
			proxyType = 1;
			remoteGlobalIDString = 7E0DC0B528718E9800BB39AB;
			remoteInfo = QuizGame;
		};
		7E0DC0D128718EA300BB39AB /* PBXContainerItemProxy */ = {
			isa = PBXContainerItemProxy;
			containerPortal = 7E0DC0AE28718E9800BB39AB /* Project object */;
			proxyType = 1;
			remoteGlobalIDString = 7E0DC0B528718E9800BB39AB;
			remoteInfo = QuizGame;
		};
/* End PBXContainerItemProxy section */

/* Begin PBXFileReference section */
		7E0DC0B628718E9800BB39AB /* QuizGame.app */ = {isa = PBXFileReference; explicitFileType = wrapper.application; includeInIndex = 0; path = QuizGame.app; sourceTree = BUILT_PRODUCTS_DIR; };
		7E0DC0B928718E9800BB39AB /* QuizGameApp.swift */ = {isa = PBXFileReference; lastKnownFileType = sourcecode.swift; path = QuizGameApp.swift; sourceTree = "<group>"; };
		7E0DC0BB28718E9800BB39AB /* ContentView.swift */ = {isa = PBXFileReference; lastKnownFileType = sourcecode.swift; path = ContentView.swift; sourceTree = "<group>"; };
		7E0DC0BD28718EA200BB39AB /* Assets.xcassets */ = {isa = PBXFileReference; lastKnownFileType = folder.assetcatalog; path = Assets.xcassets; sourceTree = "<group>"; };
		7E0DC0C028718EA200BB39AB /* Preview Assets.xcassets */ = {isa = PBXFileReference; lastKnownFileType = folder.assetcatalog; path = "Preview Assets.xcassets"; sourceTree = "<group>"; };
		7E0DC0C628718EA300BB39AB /* QuizGameTests.xctest */ = {isa = PBXFileReference; explicitFileType = wrapper.cfbundle; includeInIndex = 0; path = QuizGameTests.xctest; sourceTree = BUILT_PRODUCTS_DIR; };
		7E0DC0CA28718EA300BB39AB /* QuizGameTests.swift */ = {isa = PBXFileReference; lastKnownFileType = sourcecode.swift; path = QuizGameTests.swift; sourceTree = "<group>"; };
		7E0DC0D028718EA300BB39AB /* QuizGameUITests.xctest */ = {isa = PBXFileReference; explicitFileType = wrapper.cfbundle; includeInIndex = 0; path = QuizGameUITests.xctest; sourceTree = BUILT_PRODUCTS_DIR; };
		7E0DC0D428718EA300BB39AB /* QuizGameUITests.swift */ = {isa = PBXFileReference; lastKnownFileType = sourcecode.swift; path = QuizGameUITests.swift; sourceTree = "<group>"; };
		7E0DC0D628718EA300BB39AB /* QuizGameUITestsLaunchTests.swift */ = {isa = PBXFileReference; lastKnownFileType = sourcecode.swift; path = QuizGameUITestsLaunchTests.swift; sourceTree = "<group>"; };
		7E0DC0E32871A5A100BB39AB /* .gitignore */ = {isa = PBXFileReference; lastKnownFileType = text; path = .gitignore; sourceTree = "<group>"; };
		7E0DC0E72871AB0C00BB39AB /* MainView.swift */ = {isa = PBXFileReference; lastKnownFileType = sourcecode.swift; path = MainView.swift; sourceTree = "<group>"; };
		7E0DC0EB2871B36900BB39AB /* ViewComponents.swift */ = {isa = PBXFileReference; lastKnownFileType = sourcecode.swift; path = ViewComponents.swift; sourceTree = "<group>"; };
		7E0DC0ED2871B53100BB39AB /* QuestionView.swift */ = {isa = PBXFileReference; lastKnownFileType = sourcecode.swift; path = QuestionView.swift; sourceTree = "<group>"; };
		7E0DC0F12871BDF500BB39AB /* AnswerModel.swift */ = {isa = PBXFileReference; lastKnownFileType = sourcecode.swift; path = AnswerModel.swift; sourceTree = "<group>"; };
		7E0DC0F32871BF3400BB39AB /* AnswerRow.swift */ = {isa = PBXFileReference; lastKnownFileType = sourcecode.swift; path = AnswerRow.swift; sourceTree = "<group>"; };
		7E0DC0F52871F7C500BB39AB /* TriviaView.swift */ = {isa = PBXFileReference; lastKnownFileType = sourcecode.swift; path = TriviaView.swift; sourceTree = "<group>"; };
		7E0DC0F72872060100BB39AB /* data.json */ = {isa = PBXFileReference; fileEncoding = 4; lastKnownFileType = text.json; path = data.json; sourceTree = "<group>"; };
/* End PBXFileReference section */

/* Begin PBXFrameworksBuildPhase section */
		7E0DC0B328718E9800BB39AB /* Frameworks */ = {
			isa = PBXFrameworksBuildPhase;
			buildActionMask = 2147483647;
			files = (
			);
			runOnlyForDeploymentPostprocessing = 0;
		};
		7E0DC0C328718EA300BB39AB /* Frameworks */ = {
			isa = PBXFrameworksBuildPhase;
			buildActionMask = 2147483647;
			files = (
			);
			runOnlyForDeploymentPostprocessing = 0;
		};
		7E0DC0CD28718EA300BB39AB /* Frameworks */ = {
			isa = PBXFrameworksBuildPhase;
			buildActionMask = 2147483647;
			files = (
			);
			runOnlyForDeploymentPostprocessing = 0;
		};
/* End PBXFrameworksBuildPhase section */

/* Begin PBXGroup section */
		7E0DC0AD28718E9800BB39AB = {
			isa = PBXGroup;
			children = (
				7E0DC0E32871A5A100BB39AB /* .gitignore */,
				7E0DC0F72872060100BB39AB /* data.json */,
				7E0DC0B828718E9800BB39AB /* QuizGame */,
				7E0DC0C928718EA300BB39AB /* QuizGameTests */,
				7E0DC0D328718EA300BB39AB /* QuizGameUITests */,
				7E0DC0B728718E9800BB39AB /* Products */,
			);
			sourceTree = "<group>";
		};
		7E0DC0B728718E9800BB39AB /* Products */ = {
			isa = PBXGroup;
			children = (
				7E0DC0B628718E9800BB39AB /* QuizGame.app */,
				7E0DC0C628718EA300BB39AB /* QuizGameTests.xctest */,
				7E0DC0D028718EA300BB39AB /* QuizGameUITests.xctest */,
			);
			name = Products;
			sourceTree = "<group>";
		};
		7E0DC0B828718E9800BB39AB /* QuizGame */ = {
			isa = PBXGroup;
			children = (
				7E0DC0B928718E9800BB39AB /* QuizGameApp.swift */,
				7E0DC0BB28718E9800BB39AB /* ContentView.swift */,
				7E0DC0EF2871BDA900BB39AB /* Model */,
				7E0DC0E42871AA9200BB39AB /* View */,
				7E0DC0E52871AAB600BB39AB /* Components */,
				7E0DC0BD28718EA200BB39AB /* Assets.xcassets */,
				7E0DC0BF28718EA200BB39AB /* Preview Content */,
			);
			path = QuizGame;
			sourceTree = "<group>";
		};
		7E0DC0BF28718EA200BB39AB /* Preview Content */ = {
			isa = PBXGroup;
			children = (
				7E0DC0C028718EA200BB39AB /* Preview Assets.xcassets */,
			);
			path = "Preview Content";
			sourceTree = "<group>";
		};
		7E0DC0C928718EA300BB39AB /* QuizGameTests */ = {
			isa = PBXGroup;
			children = (
				7E0DC0CA28718EA300BB39AB /* QuizGameTests.swift */,
			);
			path = QuizGameTests;
			sourceTree = "<group>";
		};
		7E0DC0D328718EA300BB39AB /* QuizGameUITests */ = {
			isa = PBXGroup;
			children = (
				7E0DC0D428718EA300BB39AB /* QuizGameUITests.swift */,
				7E0DC0D628718EA300BB39AB /* QuizGameUITestsLaunchTests.swift */,
			);
			path = QuizGameUITests;
			sourceTree = "<group>";
		};
		7E0DC0E42871AA9200BB39AB /* View */ = {
			isa = PBXGroup;
			children = (
				7E0DC0E72871AB0C00BB39AB /* MainView.swift */,
				7E0DC0ED2871B53100BB39AB /* QuestionView.swift */,
				7E0DC0F32871BF3400BB39AB /* AnswerRow.swift */,
				7E0DC0F52871F7C500BB39AB /* TriviaView.swift */,
			);
			path = View;
			sourceTree = "<group>";
		};
		7E0DC0E52871AAB600BB39AB /* Components */ = {
			isa = PBXGroup;
			children = (
				7E0DC0EB2871B36900BB39AB /* ViewComponents.swift */,
			);
			path = Components;
			sourceTree = "<group>";
		};
		7E0DC0EF2871BDA900BB39AB /* Model */ = {
			isa = PBXGroup;
			children = (
				7E0DC0F12871BDF500BB39AB /* AnswerModel.swift */,
			);
			path = Model;
			sourceTree = "<group>";
		};
/* End PBXGroup section */

/* Begin PBXNativeTarget section */
		7E0DC0B528718E9800BB39AB /* QuizGame */ = {
			isa = PBXNativeTarget;
			buildConfigurationList = 7E0DC0DA28718EA300BB39AB /* Build configuration list for PBXNativeTarget "QuizGame" */;
			buildPhases = (
				7E0DC0B228718E9800BB39AB /* Sources */,
				7E0DC0B328718E9800BB39AB /* Frameworks */,
				7E0DC0B428718E9800BB39AB /* Resources */,
			);
			buildRules = (
			);
			dependencies = (
			);
			name = QuizGame;
			productName = QuizGame;
			productReference = 7E0DC0B628718E9800BB39AB /* QuizGame.app */;
			productType = "com.apple.product-type.application";
		};
		7E0DC0C528718EA300BB39AB /* QuizGameTests */ = {
			isa = PBXNativeTarget;
			buildConfigurationList = 7E0DC0DD28718EA300BB39AB /* Build configuration list for PBXNativeTarget "QuizGameTests" */;
			buildPhases = (
				7E0DC0C228718EA300BB39AB /* Sources */,
				7E0DC0C328718EA300BB39AB /* Frameworks */,
				7E0DC0C428718EA300BB39AB /* Resources */,
			);
			buildRules = (
			);
			dependencies = (
				7E0DC0C828718EA300BB39AB /* PBXTargetDependency */,
			);
			name = QuizGameTests;
			productName = QuizGameTests;
			productReference = 7E0DC0C628718EA300BB39AB /* QuizGameTests.xctest */;
			productType = "com.apple.product-type.bundle.unit-test";
		};
		7E0DC0CF28718EA300BB39AB /* QuizGameUITests */ = {
			isa = PBXNativeTarget;
			buildConfigurationList = 7E0DC0E028718EA300BB39AB /* Build configuration list for PBXNativeTarget "QuizGameUITests" */;
			buildPhases = (
				7E0DC0CC28718EA300BB39AB /* Sources */,
				7E0DC0CD28718EA300BB39AB /* Frameworks */,
				7E0DC0CE28718EA300BB39AB /* Resources */,
			);
			buildRules = (
			);
			dependencies = (
				7E0DC0D228718EA300BB39AB /* PBXTargetDependency */,
			);
			name = QuizGameUITests;
			productName = QuizGameUITests;
			productReference = 7E0DC0D028718EA300BB39AB /* QuizGameUITests.xctest */;
			productType = "com.apple.product-type.bundle.ui-testing";
		};
/* End PBXNativeTarget section */

/* Begin PBXProject section */
		7E0DC0AE28718E9800BB39AB /* Project object */ = {
			isa = PBXProject;
			attributes = {
				BuildIndependentTargetsInParallel = 1;
				LastSwiftUpdateCheck = 1320;
				LastUpgradeCheck = 1320;
				TargetAttributes = {
					7E0DC0B528718E9800BB39AB = {
						CreatedOnToolsVersion = 13.2;
					};
					7E0DC0C528718EA300BB39AB = {
						CreatedOnToolsVersion = 13.2;
						TestTargetID = 7E0DC0B528718E9800BB39AB;
					};
					7E0DC0CF28718EA300BB39AB = {
						CreatedOnToolsVersion = 13.2;
						TestTargetID = 7E0DC0B528718E9800BB39AB;
					};
				};
			};
			buildConfigurationList = 7E0DC0B128718E9800BB39AB /* Build configuration list for PBXProject "QuizGame" */;
			compatibilityVersion = "Xcode 13.0";
			developmentRegion = en;
			hasScannedForEncodings = 0;
			knownRegions = (
				en,
				Base,
			);
			mainGroup = 7E0DC0AD28718E9800BB39AB;
			productRefGroup = 7E0DC0B728718E9800BB39AB /* Products */;
			projectDirPath = "";
			projectRoot = "";
			targets = (
				7E0DC0B528718E9800BB39AB /* QuizGame */,
				7E0DC0C528718EA300BB39AB /* QuizGameTests */,
				7E0DC0CF28718EA300BB39AB /* QuizGameUITests */,
			);
		};
/* End PBXProject section */

/* Begin PBXResourcesBuildPhase section */
		7E0DC0B428718E9800BB39AB /* Resources */ = {
			isa = PBXResourcesBuildPhase;
			buildActionMask = 2147483647;
			files = (
				7E0DC0C128718EA200BB39AB /* Preview Assets.xcassets in Resources */,
				7E0DC0F82872060100BB39AB /* data.json in Resources */,
				7E0DC0BE28718EA200BB39AB /* Assets.xcassets in Resources */,
			);
			runOnlyForDeploymentPostprocessing = 0;
		};
		7E0DC0C428718EA300BB39AB /* Resources */ = {
			isa = PBXResourcesBuildPhase;
			buildActionMask = 2147483647;
			files = (
			);
			runOnlyForDeploymentPostprocessing = 0;
		};
		7E0DC0CE28718EA300BB39AB /* Resources */ = {
			isa = PBXResourcesBuildPhase;
			buildActionMask = 2147483647;
			files = (
			);
			runOnlyForDeploymentPostprocessing = 0;
		};
/* End PBXResourcesBuildPhase section */

/* Begin PBXSourcesBuildPhase section */
		7E0DC0B228718E9800BB39AB /* Sources */ = {
			isa = PBXSourcesBuildPhase;
			buildActionMask = 2147483647;
			files = (
				7E0DC0EE2871B53100BB39AB /* QuestionView.swift in Sources */,
				7E0DC0EC2871B36900BB39AB /* ViewComponents.swift in Sources */,
				7E0DC0BC28718E9800BB39AB /* ContentView.swift in Sources */,
				7E0DC0F22871BDF600BB39AB /* AnswerModel.swift in Sources */,
				7E0DC0F42871BF3400BB39AB /* AnswerRow.swift in Sources */,
				7E0DC0F62871F7C600BB39AB /* TriviaView.swift in Sources */,
				7E0DC0E82871AB0C00BB39AB /* MainView.swift in Sources */,
				7E0DC0BA28718E9800BB39AB /* QuizGameApp.swift in Sources */,
			);
			runOnlyForDeploymentPostprocessing = 0;
		};
		7E0DC0C228718EA300BB39AB /* Sources */ = {
			isa = PBXSourcesBuildPhase;
			buildActionMask = 2147483647;
			files = (
				7E0DC0CB28718EA300BB39AB /* QuizGameTests.swift in Sources */,
			);
			runOnlyForDeploymentPostprocessing = 0;
		};
		7E0DC0CC28718EA300BB39AB /* Sources */ = {
			isa = PBXSourcesBuildPhase;
			buildActionMask = 2147483647;
			files = (
				7E0DC0D728718EA300BB39AB /* QuizGameUITestsLaunchTests.swift in Sources */,
				7E0DC0D528718EA300BB39AB /* QuizGameUITests.swift in Sources */,
			);
			runOnlyForDeploymentPostprocessing = 0;
		};
/* End PBXSourcesBuildPhase section */

/* Begin PBXTargetDependency section */
		7E0DC0C828718EA300BB39AB /* PBXTargetDependency */ = {
			isa = PBXTargetDependency;
			target = 7E0DC0B528718E9800BB39AB /* QuizGame */;
			targetProxy = 7E0DC0C728718EA300BB39AB /* PBXContainerItemProxy */;
		};
		7E0DC0D228718EA300BB39AB /* PBXTargetDependency */ = {
			isa = PBXTargetDependency;
			target = 7E0DC0B528718E9800BB39AB /* QuizGame */;
			targetProxy = 7E0DC0D128718EA300BB39AB /* PBXContainerItemProxy */;
		};
/* End PBXTargetDependency section */

/* Begin XCBuildConfiguration section */
		7E0DC0D828718EA300BB39AB /* Debug */ = {
			isa = XCBuildConfiguration;
			buildSettings = {
				ALWAYS_SEARCH_USER_PATHS = NO;
				CLANG_ANALYZER_NONNULL = YES;
				CLANG_ANALYZER_NUMBER_OBJECT_CONVERSION = YES_AGGRESSIVE;
				CLANG_CXX_LANGUAGE_STANDARD = "gnu++17";
				CLANG_CXX_LIBRARY = "libc++";
				CLANG_ENABLE_MODULES = YES;
				CLANG_ENABLE_OBJC_ARC = YES;
				CLANG_ENABLE_OBJC_WEAK = YES;
				CLANG_WARN_BLOCK_CAPTURE_AUTORELEASING = YES;
				CLANG_WARN_BOOL_CONVERSION = YES;
				CLANG_WARN_COMMA = YES;
				CLANG_WARN_CONSTANT_CONVERSION = YES;
				CLANG_WARN_DEPRECATED_OBJC_IMPLEMENTATIONS = YES;
				CLANG_WARN_DIRECT_OBJC_ISA_USAGE = YES_ERROR;
				CLANG_WARN_DOCUMENTATION_COMMENTS = YES;
				CLANG_WARN_EMPTY_BODY = YES;
				CLANG_WARN_ENUM_CONVERSION = YES;
				CLANG_WARN_INFINITE_RECURSION = YES;
				CLANG_WARN_INT_CONVERSION = YES;
				CLANG_WARN_NON_LITERAL_NULL_CONVERSION = YES;
				CLANG_WARN_OBJC_IMPLICIT_RETAIN_SELF = YES;
				CLANG_WARN_OBJC_LITERAL_CONVERSION = YES;
				CLANG_WARN_OBJC_ROOT_CLASS = YES_ERROR;
				CLANG_WARN_QUOTED_INCLUDE_IN_FRAMEWORK_HEADER = YES;
				CLANG_WARN_RANGE_LOOP_ANALYSIS = YES;
				CLANG_WARN_STRICT_PROTOTYPES = YES;
				CLANG_WARN_SUSPICIOUS_MOVE = YES;
				CLANG_WARN_UNGUARDED_AVAILABILITY = YES_AGGRESSIVE;
				CLANG_WARN_UNREACHABLE_CODE = YES;
				CLANG_WARN__DUPLICATE_METHOD_MATCH = YES;
				COPY_PHASE_STRIP = NO;
				DEBUG_INFORMATION_FORMAT = dwarf;
				ENABLE_STRICT_OBJC_MSGSEND = YES;
				ENABLE_TESTABILITY = YES;
				GCC_C_LANGUAGE_STANDARD = gnu11;
				GCC_DYNAMIC_NO_PIC = NO;
				GCC_NO_COMMON_BLOCKS = YES;
				GCC_OPTIMIZATION_LEVEL = 0;
				GCC_PREPROCESSOR_DEFINITIONS = (
					"DEBUG=1",
					"$(inherited)",
				);
				GCC_WARN_64_TO_32_BIT_CONVERSION = YES;
				GCC_WARN_ABOUT_RETURN_TYPE = YES_ERROR;
				GCC_WARN_UNDECLARED_SELECTOR = YES;
				GCC_WARN_UNINITIALIZED_AUTOS = YES_AGGRESSIVE;
				GCC_WARN_UNUSED_FUNCTION = YES;
				GCC_WARN_UNUSED_VARIABLE = YES;
				IPHONEOS_DEPLOYMENT_TARGET = 15.2;
				MTL_ENABLE_DEBUG_INFO = INCLUDE_SOURCE;
				MTL_FAST_MATH = YES;
				ONLY_ACTIVE_ARCH = YES;
				SDKROOT = iphoneos;
				SWIFT_ACTIVE_COMPILATION_CONDITIONS = DEBUG;
				SWIFT_OPTIMIZATION_LEVEL = "-Onone";
			};
			name = Debug;
		};
		7E0DC0D928718EA300BB39AB /* Release */ = {
			isa = XCBuildConfiguration;
			buildSettings = {
				ALWAYS_SEARCH_USER_PATHS = NO;
				CLANG_ANALYZER_NONNULL = YES;
				CLANG_ANALYZER_NUMBER_OBJECT_CONVERSION = YES_AGGRESSIVE;
				CLANG_CXX_LANGUAGE_STANDARD = "gnu++17";
				CLANG_CXX_LIBRARY = "libc++";
				CLANG_ENABLE_MODULES = YES;
				CLANG_ENABLE_OBJC_ARC = YES;
				CLANG_ENABLE_OBJC_WEAK = YES;
				CLANG_WARN_BLOCK_CAPTURE_AUTORELEASING = YES;
				CLANG_WARN_BOOL_CONVERSION = YES;
				CLANG_WARN_COMMA = YES;
				CLANG_WARN_CONSTANT_CONVERSION = YES;
				CLANG_WARN_DEPRECATED_OBJC_IMPLEMENTATIONS = YES;
				CLANG_WARN_DIRECT_OBJC_ISA_USAGE = YES_ERROR;
				CLANG_WARN_DOCUMENTATION_COMMENTS = YES;
				CLANG_WARN_EMPTY_BODY = YES;
				CLANG_WARN_ENUM_CONVERSION = YES;
				CLANG_WARN_INFINITE_RECURSION = YES;
				CLANG_WARN_INT_CONVERSION = YES;
				CLANG_WARN_NON_LITERAL_NULL_CONVERSION = YES;
				CLANG_WARN_OBJC_IMPLICIT_RETAIN_SELF = YES;
				CLANG_WARN_OBJC_LITERAL_CONVERSION = YES;
				CLANG_WARN_OBJC_ROOT_CLASS = YES_ERROR;
				CLANG_WARN_QUOTED_INCLUDE_IN_FRAMEWORK_HEADER = YES;
				CLANG_WARN_RANGE_LOOP_ANALYSIS = YES;
				CLANG_WARN_STRICT_PROTOTYPES = YES;
				CLANG_WARN_SUSPICIOUS_MOVE = YES;
				CLANG_WARN_UNGUARDED_AVAILABILITY = YES_AGGRESSIVE;
				CLANG_WARN_UNREACHABLE_CODE = YES;
				CLANG_WARN__DUPLICATE_METHOD_MATCH = YES;
				COPY_PHASE_STRIP = NO;
				DEBUG_INFORMATION_FORMAT = "dwarf-with-dsym";
				ENABLE_NS_ASSERTIONS = NO;
				ENABLE_STRICT_OBJC_MSGSEND = YES;
				GCC_C_LANGUAGE_STANDARD = gnu11;
				GCC_NO_COMMON_BLOCKS = YES;
				GCC_WARN_64_TO_32_BIT_CONVERSION = YES;
				GCC_WARN_ABOUT_RETURN_TYPE = YES_ERROR;
				GCC_WARN_UNDECLARED_SELECTOR = YES;
				GCC_WARN_UNINITIALIZED_AUTOS = YES_AGGRESSIVE;
				GCC_WARN_UNUSED_FUNCTION = YES;
				GCC_WARN_UNUSED_VARIABLE = YES;
				IPHONEOS_DEPLOYMENT_TARGET = 15.2;
				MTL_ENABLE_DEBUG_INFO = NO;
				MTL_FAST_MATH = YES;
				SDKROOT = iphoneos;
				SWIFT_COMPILATION_MODE = wholemodule;
				SWIFT_OPTIMIZATION_LEVEL = "-O";
				VALIDATE_PRODUCT = YES;
			};
			name = Release;
		};
		7E0DC0DB28718EA300BB39AB /* Debug */ = {
			isa = XCBuildConfiguration;
			buildSettings = {
				ASSETCATALOG_COMPILER_APPICON_NAME = AppIcon;
				ASSETCATALOG_COMPILER_GLOBAL_ACCENT_COLOR_NAME = AccentColor;
				CODE_SIGN_STYLE = Automatic;
				CURRENT_PROJECT_VERSION = 1;
				DEVELOPMENT_ASSET_PATHS = "\"QuizGame/Preview Content\"";
				ENABLE_PREVIEWS = YES;
				GENERATE_INFOPLIST_FILE = YES;
				INFOPLIST_KEY_UIApplicationSceneManifest_Generation = YES;
				INFOPLIST_KEY_UIApplicationSupportsIndirectInputEvents = YES;
				INFOPLIST_KEY_UILaunchScreen_Generation = YES;
				INFOPLIST_KEY_UISupportedInterfaceOrientations_iPad = "UIInterfaceOrientationPortrait UIInterfaceOrientationPortraitUpsideDown UIInterfaceOrientationLandscapeLeft UIInterfaceOrientationLandscapeRight";
				INFOPLIST_KEY_UISupportedInterfaceOrientations_iPhone = "UIInterfaceOrientationPortrait UIInterfaceOrientationLandscapeLeft UIInterfaceOrientationLandscapeRight";
				LD_RUNPATH_SEARCH_PATHS = (
					"$(inherited)",
					"@executable_path/Frameworks",
				);
				MARKETING_VERSION = 1.0;
				PRODUCT_BUNDLE_IDENTIFIER = lilleeash.QuizGame;
				PRODUCT_NAME = "$(TARGET_NAME)";
				SWIFT_EMIT_LOC_STRINGS = YES;
				SWIFT_VERSION = 5.0;
				TARGETED_DEVICE_FAMILY = "1,2";
			};
			name = Debug;
		};
		7E0DC0DC28718EA300BB39AB /* Release */ = {
			isa = XCBuildConfiguration;
			buildSettings = {
				ASSETCATALOG_COMPILER_APPICON_NAME = AppIcon;
				ASSETCATALOG_COMPILER_GLOBAL_ACCENT_COLOR_NAME = AccentColor;
				CODE_SIGN_STYLE = Automatic;
				CURRENT_PROJECT_VERSION = 1;
				DEVELOPMENT_ASSET_PATHS = "\"QuizGame/Preview Content\"";
				ENABLE_PREVIEWS = YES;
				GENERATE_INFOPLIST_FILE = YES;
				INFOPLIST_KEY_UIApplicationSceneManifest_Generation = YES;
				INFOPLIST_KEY_UIApplicationSupportsIndirectInputEvents = YES;
				INFOPLIST_KEY_UILaunchScreen_Generation = YES;
				INFOPLIST_KEY_UISupportedInterfaceOrientations_iPad = "UIInterfaceOrientationPortrait UIInterfaceOrientationPortraitUpsideDown UIInterfaceOrientationLandscapeLeft UIInterfaceOrientationLandscapeRight";
				INFOPLIST_KEY_UISupportedInterfaceOrientations_iPhone = "UIInterfaceOrientationPortrait UIInterfaceOrientationLandscapeLeft UIInterfaceOrientationLandscapeRight";
				LD_RUNPATH_SEARCH_PATHS = (
					"$(inherited)",
					"@executable_path/Frameworks",
				);
				MARKETING_VERSION = 1.0;
				PRODUCT_BUNDLE_IDENTIFIER = lilleeash.QuizGame;
				PRODUCT_NAME = "$(TARGET_NAME)";
				SWIFT_EMIT_LOC_STRINGS = YES;
				SWIFT_VERSION = 5.0;
				TARGETED_DEVICE_FAMILY = "1,2";
			};
			name = Release;
		};
		7E0DC0DE28718EA300BB39AB /* Debug */ = {
			isa = XCBuildConfiguration;
			buildSettings = {
				ALWAYS_EMBED_SWIFT_STANDARD_LIBRARIES = YES;
				BUNDLE_LOADER = "$(TEST_HOST)";
				CODE_SIGN_STYLE = Automatic;
				CURRENT_PROJECT_VERSION = 1;
				GENERATE_INFOPLIST_FILE = YES;
				IPHONEOS_DEPLOYMENT_TARGET = 15.2;
				MARKETING_VERSION = 1.0;
				PRODUCT_BUNDLE_IDENTIFIER = lilleeash.QuizGameTests;
				PRODUCT_NAME = "$(TARGET_NAME)";
				SWIFT_EMIT_LOC_STRINGS = NO;
				SWIFT_VERSION = 5.0;
				TARGETED_DEVICE_FAMILY = "1,2";
				TEST_HOST = "$(BUILT_PRODUCTS_DIR)/QuizGame.app/QuizGame";
			};
			name = Debug;
		};
		7E0DC0DF28718EA300BB39AB /* Release */ = {
			isa = XCBuildConfiguration;
			buildSettings = {
				ALWAYS_EMBED_SWIFT_STANDARD_LIBRARIES = YES;
				BUNDLE_LOADER = "$(TEST_HOST)";
				CODE_SIGN_STYLE = Automatic;
				CURRENT_PROJECT_VERSION = 1;
				GENERATE_INFOPLIST_FILE = YES;
				IPHONEOS_DEPLOYMENT_TARGET = 15.2;
				MARKETING_VERSION = 1.0;
				PRODUCT_BUNDLE_IDENTIFIER = lilleeash.QuizGameTests;
				PRODUCT_NAME = "$(TARGET_NAME)";
				SWIFT_EMIT_LOC_STRINGS = NO;
				SWIFT_VERSION = 5.0;
				TARGETED_DEVICE_FAMILY = "1,2";
				TEST_HOST = "$(BUILT_PRODUCTS_DIR)/QuizGame.app/QuizGame";
			};
			name = Release;
		};
		7E0DC0E128718EA300BB39AB /* Debug */ = {
			isa = XCBuildConfiguration;
			buildSettings = {
				ALWAYS_EMBED_SWIFT_STANDARD_LIBRARIES = YES;
				CODE_SIGN_STYLE = Automatic;
				CURRENT_PROJECT_VERSION = 1;
				GENERATE_INFOPLIST_FILE = YES;
				MARKETING_VERSION = 1.0;
				PRODUCT_BUNDLE_IDENTIFIER = lilleeash.QuizGameUITests;
				PRODUCT_NAME = "$(TARGET_NAME)";
				SWIFT_EMIT_LOC_STRINGS = NO;
				SWIFT_VERSION = 5.0;
				TARGETED_DEVICE_FAMILY = "1,2";
				TEST_TARGET_NAME = QuizGame;
			};
			name = Debug;
		};
		7E0DC0E228718EA300BB39AB /* Release */ = {
			isa = XCBuildConfiguration;
			buildSettings = {
				ALWAYS_EMBED_SWIFT_STANDARD_LIBRARIES = YES;
				CODE_SIGN_STYLE = Automatic;
				CURRENT_PROJECT_VERSION = 1;
				GENERATE_INFOPLIST_FILE = YES;
				MARKETING_VERSION = 1.0;
				PRODUCT_BUNDLE_IDENTIFIER = lilleeash.QuizGameUITests;
				PRODUCT_NAME = "$(TARGET_NAME)";
				SWIFT_EMIT_LOC_STRINGS = NO;
				SWIFT_VERSION = 5.0;
				TARGETED_DEVICE_FAMILY = "1,2";
				TEST_TARGET_NAME = QuizGame;
			};
			name = Release;
		};
/* End XCBuildConfiguration section */

/* Begin XCConfigurationList section */
		7E0DC0B128718E9800BB39AB /* Build configuration list for PBXProject "QuizGame" */ = {
			isa = XCConfigurationList;
			buildConfigurations = (
				7E0DC0D828718EA300BB39AB /* Debug */,
				7E0DC0D928718EA300BB39AB /* Release */,
			);
			defaultConfigurationIsVisible = 0;
			defaultConfigurationName = Release;
		};
		7E0DC0DA28718EA300BB39AB /* Build configuration list for PBXNativeTarget "QuizGame" */ = {
			isa = XCConfigurationList;
			buildConfigurations = (
				7E0DC0DB28718EA300BB39AB /* Debug */,
				7E0DC0DC28718EA300BB39AB /* Release */,
			);
			defaultConfigurationIsVisible = 0;
			defaultConfigurationName = Release;
		};
		7E0DC0DD28718EA300BB39AB /* Build configuration list for PBXNativeTarget "QuizGameTests" */ = {
			isa = XCConfigurationList;
			buildConfigurations = (
				7E0DC0DE28718EA300BB39AB /* Debug */,
				7E0DC0DF28718EA300BB39AB /* Release */,
			);
			defaultConfigurationIsVisible = 0;
			defaultConfigurationName = Release;
		};
		7E0DC0E028718EA300BB39AB /* Build configuration list for PBXNativeTarget "QuizGameUITests" */ = {
			isa = XCConfigurationList;
			buildConfigurations = (
				7E0DC0E128718EA300BB39AB /* Debug */,
				7E0DC0E228718EA300BB39AB /* Release */,
			);
			defaultConfigurationIsVisible = 0;
			defaultConfigurationName = Release;
		};
/* End XCConfigurationList section */
	};
	rootObject = 7E0DC0AE28718E9800BB39AB /* Project object */;
}
